
Microsoft Visual Studio Solution File, Format Version 12.00
# Visual Studio Version 17
VisualStudioVersion = 17.14.36429.23 d17.14
MinimumVisualStudioVersion = 10.0.40219.1
Project("{FAE04EC0-301F-11D3-BF4B-00C04F79EFBC}") = "AppForWeek2ThursdayExercise2", "AppForWeek2ThursdayExercise2.csproj", "{3379667C-1672-4460-A75C-A1D6CA138F08}"
EndProject
Global
	GlobalSection(SolutionConfigurationPlatforms) = preSolution
		Debug|Any CPU = Debug|Any CPU
		Release|Any CPU = Release|Any CPU
	EndGlobalSection
	GlobalSection(ProjectConfigurationPlatforms) = postSolution
		{3379667C-1672-4460-A75C-A1D6CA138F08}.Debug|Any CPU.ActiveCfg = Debug|Any CPU
		{3379667C-1672-4460-A75C-A1D6CA138F08}.Debug|Any CPU.Build.0 = Debug|Any CPU
		{3379667C-1672-4460-A75C-A1D6CA138F08}.Release|Any CPU.ActiveCfg = Release|Any CPU
		{3379667C-1672-4460-A75C-A1D6CA138F08}.Release|Any CPU.Build.0 = Release|Any CPU
	EndGlobalSection
	GlobalSection(SolutionProperties) = preSolution
		HideSolutionNode = FALSE
	EndGlobalSection
	GlobalSection(ExtensibilityGlobals) = postSolution
		SolutionGuid = {C7AF157C-ED46-4828-ACC7-D85DAA2DE5DC}
	EndGlobalSection
EndGlobal
